
Microsoft Visual Studio Solution File, Format Version 12.00
# Visual Studio 15
VisualStudioVersion = 15.0.28307.421
MinimumVisualStudioVersion = 10.0.40219.1
Project("{FAE04EC0-301F-11D3-BF4B-00C04F79EFBC}") = "Toaster", "Toaster\Toaster.csproj", "{16C0FAA0-2F29-4D3A-900C-965226478D1D}"
EndProject
Global
	GlobalSection(SolutionConfigurationPlatforms) = preSolution
		Debug|Any CPU = Debug|Any CPU
		Release|Any CPU = Release|Any CPU
	EndGlobalSection
	GlobalSection(ProjectConfigurationPlatforms) = postSolution
		{16C0FAA0-2F29-4D3A-900C-965226478D1D}.Debug|Any CPU.ActiveCfg = Debug|Any CPU
		{16C0FAA0-2F29-4D3A-900C-965226478D1D}.Debug|Any CPU.Build.0 = Debug|Any CPU
		{16C0FAA0-2F29-4D3A-900C-965226478D1D}.Release|Any CPU.ActiveCfg = Release|Any CPU
		{16C0FAA0-2F29-4D3A-900C-965226478D1D}.Release|Any CPU.Build.0 = Release|Any CPU
	EndGlobalSection
	GlobalSection(SolutionProperties) = preSolution
		HideSolutionNode = FALSE
	EndGlobalSection
	GlobalSection(ExtensibilityGlobals) = postSolution
		SolutionGuid = {E35B8CE8-9CAC-46BD-83DE-DE815B756024}
	EndGlobalSection
EndGlobal
